# This file is autogenerated, do not edit; changes may be undone by the next 'dep ensure'.


[[projects]]
  branch = "master"
  digest = "1:c0fd9a01df6e494e1f49a27d0c49c9a0bf34b4af85adad258e0f6f5c6691c02b"
  name = "github.com/siddontang/goredis"
  packages = ["."]
  pruneopts = "UT"
  revision = "0b4019cbd7b74d182c4b0228bc1ee0a8ae6c8b8d"

[solve-meta]
  analyzer-name = "dep"
  analyzer-version = 1
  input-imports = ["github.com/siddontang/goredis"]
  solver-name = "gps-cdcl"
  solver-version = 1
